
Microsoft Visual Studio Solution File, Format Version 12.00
# Visual Studio 2013
VisualStudioVersion = 12.0.40629.0
MinimumVisualStudioVersion = 10.0.40219.1
Project("{FAE04EC0-301F-11D3-BF4B-00C04F79EFBC}") = "ListView.ExpandingFooter", "src\ListView.ExpandingFooter\ListView.ExpandingFooter.csproj", "{997EF5E6-9EFE-4BD5-8179-85C83D6DA77D}"
EndProject
Project("{FAE04EC0-301F-11D3-BF4B-00C04F79EFBC}") = "ListView.ExpandingFooter.iOS", "src\ListView.ExpandingFooter.iOS\ListView.ExpandingFooter.iOS.csproj", "{67FB3AAD-89C9-49E7-B0AF-F3CB1CA4C64B}"
EndProject
Project("{FAE04EC0-301F-11D3-BF4B-00C04F79EFBC}") = "ListView.ExpandingFooter.Droid", "src\ListView.ExpandingFooter.Droid\ListView.ExpandingFooter.Droid.csproj", "{3228F64D-9E5A-4559-895D-00AC4C16B4FB}"
EndProject
Project("{2150E333-8FDC-42A3-9474-1A3956D46DE8}") = "Extras", "Extras", "{4566C099-DD11-4254-86BA-33744FF3B810}"
	ProjectSection(SolutionItems) = preProject
		readme.md = readme.md
	EndProjectSection
EndProject
Global
	GlobalSection(SolutionConfigurationPlatforms) = preSolution
		Ad-Hoc|Any CPU = Ad-Hoc|Any CPU
		Ad-Hoc|iPhone = Ad-Hoc|iPhone
		Ad-Hoc|iPhoneSimulator = Ad-Hoc|iPhoneSimulator
		Ad-Hoc|Mixed Platforms = Ad-Hoc|Mixed Platforms
		AppStore|Any CPU = AppStore|Any CPU
		AppStore|iPhone = AppStore|iPhone
		AppStore|iPhoneSimulator = AppStore|iPhoneSimulator
		AppStore|Mixed Platforms = AppStore|Mixed Platforms
		Debug|Any CPU = Debug|Any CPU
		Debug|iPhone = Debug|iPhone
		Debug|iPhoneSimulator = Debug|iPhoneSimulator
		Debug|Mixed Platforms = Debug|Mixed Platforms
		Release|Any CPU = Release|Any CPU
		Release|iPhone = Release|iPhone
		Release|iPhoneSimulator = Release|iPhoneSimulator
		Release|Mixed Platforms = Release|Mixed Platforms
	EndGlobalSection
	GlobalSection(ProjectConfigurationPlatforms) = postSolution
		{997EF5E6-9EFE-4BD5-8179-85C83D6DA77D}.Ad-Hoc|Any CPU.ActiveCfg = Release|Any CPU
		{997EF5E6-9EFE-4BD5-8179-85C83D6DA77D}.Ad-Hoc|Any CPU.Build.0 = Release|Any CPU
		{997EF5E6-9EFE-4BD5-8179-85C83D6DA77D}.Ad-Hoc|iPhone.ActiveCfg = Release|Any CPU
		{997EF5E6-9EFE-4BD5-8179-85C83D6DA77D}.Ad-Hoc|iPhone.Build.0 = Release|Any CPU
		{997EF5E6-9EFE-4BD5-8179-85C83D6DA77D}.Ad-Hoc|iPhoneSimulator.ActiveCfg = Release|Any CPU
		{997EF5E6-9EFE-4BD5-8179-85C83D6DA77D}.Ad-Hoc|iPhoneSimulator.Build.0 = Release|Any CPU
		{997EF5E6-9EFE-4BD5-8179-85C83D6DA77D}.Ad-Hoc|Mixed Platforms.ActiveCfg = Release|Any CPU
		{997EF5E6-9EFE-4BD5-8179-85C83D6DA77D}.Ad-Hoc|Mixed Platforms.Build.0 = Release|Any CPU
		{997EF5E6-9EFE-4BD5-8179-85C83D6DA77D}.AppStore|Any CPU.ActiveCfg = Release|Any CPU
		{997EF5E6-9EFE-4BD5-8179-85C83D6DA77D}.AppStore|Any CPU.Build.0 = Release|Any CPU
		{997EF5E6-9EFE-4BD5-8179-85C83D6DA77D}.AppStore|iPhone.ActiveCfg = Release|Any CPU
		{997EF5E6-9EFE-4BD5-8179-85C83D6DA77D}.AppStore|iPhone.Build.0 = Release|Any CPU
		{997EF5E6-9EFE-4BD5-8179-85C83D6DA77D}.AppStore|iPhoneSimulator.ActiveCfg = Release|Any CPU
		{997EF5E6-9EFE-4BD5-8179-85C83D6DA77D}.AppStore|iPhoneSimulator.Build.0 = Release|Any CPU
		{997EF5E6-9EFE-4BD5-8179-85C83D6DA77D}.AppStore|Mixed Platforms.ActiveCfg = Release|Any CPU
		{997EF5E6-9EFE-4BD5-8179-85C83D6DA77D}.AppStore|Mixed Platforms.Build.0 = Release|Any CPU
		{997EF5E6-9EFE-4BD5-8179-85C83D6DA77D}.Debug|Any CPU.ActiveCfg = Debug|Any CPU
		{997EF5E6-9EFE-4BD5-8179-85C83D6DA77D}.Debug|Any CPU.Build.0 = Debug|Any CPU
		{997EF5E6-9EFE-4BD5-8179-85C83D6DA77D}.Debug|iPhone.ActiveCfg = Debug|Any CPU
		{997EF5E6-9EFE-4BD5-8179-85C83D6DA77D}.Debug|iPhone.Build.0 = Debug|Any CPU
		{997EF5E6-9EFE-4BD5-8179-85C83D6DA77D}.Debug|iPhoneSimulator.ActiveCfg = Debug|Any CPU
		{997EF5E6-9EFE-4BD5-8179-85C83D6DA77D}.Debug|iPhoneSimulator.Build.0 = Debug|Any CPU
		{997EF5E6-9EFE-4BD5-8179-85C83D6DA77D}.Debug|Mixed Platforms.ActiveCfg = Debug|Any CPU
		{997EF5E6-9EFE-4BD5-8179-85C83D6DA77D}.Debug|Mixed Platforms.Build.0 = Debug|Any CPU
		{997EF5E6-9EFE-4BD5-8179-85C83D6DA77D}.Release|Any CPU.ActiveCfg = Release|Any CPU
		{997EF5E6-9EFE-4BD5-8179-85C83D6DA77D}.Release|Any CPU.Build.0 = Release|Any CPU
		{997EF5E6-9EFE-4BD5-8179-85C83D6DA77D}.Release|iPhone.ActiveCfg = Release|Any CPU
		{997EF5E6-9EFE-4BD5-8179-85C83D6DA77D}.Release|iPhone.Build.0 = Release|Any CPU
		{997EF5E6-9EFE-4BD5-8179-85C83D6DA77D}.Release|iPhoneSimulator.ActiveCfg = Release|Any CPU
		{997EF5E6-9EFE-4BD5-8179-85C83D6DA77D}.Release|iPhoneSimulator.Build.0 = Release|Any CPU
		{997EF5E6-9EFE-4BD5-8179-85C83D6DA77D}.Release|Mixed Platforms.ActiveCfg = Release|Any CPU
		{997EF5E6-9EFE-4BD5-8179-85C83D6DA77D}.Release|Mixed Platforms.Build.0 = Release|Any CPU
		{67FB3AAD-89C9-49E7-B0AF-F3CB1CA4C64B}.Ad-Hoc|Any CPU.ActiveCfg = Ad-Hoc|iPhone
		{67FB3AAD-89C9-49E7-B0AF-F3CB1CA4C64B}.Ad-Hoc|iPhone.ActiveCfg = Ad-Hoc|iPhone
		{67FB3AAD-89C9-49E7-B0AF-F3CB1CA4C64B}.Ad-Hoc|iPhone.Build.0 = Ad-Hoc|iPhone
		{67FB3AAD-89C9-49E7-B0AF-F3CB1CA4C64B}.Ad-Hoc|iPhoneSimulator.ActiveCfg = Ad-Hoc|iPhoneSimulator
		{67FB3AAD-89C9-49E7-B0AF-F3CB1CA4C64B}.Ad-Hoc|iPhoneSimulator.Build.0 = Ad-Hoc|iPhoneSimulator
		{67FB3AAD-89C9-49E7-B0AF-F3CB1CA4C64B}.Ad-Hoc|Mixed Platforms.ActiveCfg = Ad-Hoc|iPhone
		{67FB3AAD-89C9-49E7-B0AF-F3CB1CA4C64B}.Ad-Hoc|Mixed Platforms.Build.0 = Ad-Hoc|iPhone
		{67FB3AAD-89C9-49E7-B0AF-F3CB1CA4C64B}.AppStore|Any CPU.ActiveCfg = AppStore|iPhone
		{67FB3AAD-89C9-49E7-B0AF-F3CB1CA4C64B}.AppStore|iPhone.ActiveCfg = AppStore|iPhone
		{67FB3AAD-89C9-49E7-B0AF-F3CB1CA4C64B}.AppStore|iPhone.Build.0 = AppStore|iPhone
		{67FB3AAD-89C9-49E7-B0AF-F3CB1CA4C64B}.AppStore|iPhoneSimulator.ActiveCfg = AppStore|iPhoneSimulator
		{67FB3AAD-89C9-49E7-B0AF-F3CB1CA4C64B}.AppStore|iPhoneSimulator.Build.0 = AppStore|iPhoneSimulator
		{67FB3AAD-89C9-49E7-B0AF-F3CB1CA4C64B}.AppStore|Mixed Platforms.ActiveCfg = AppStore|iPhone
		{67FB3AAD-89C9-49E7-B0AF-F3CB1CA4C64B}.AppStore|Mixed Platforms.Build.0 = AppStore|iPhone
		{67FB3AAD-89C9-49E7-B0AF-F3CB1CA4C64B}.Debug|Any CPU.ActiveCfg = Debug|iPhone
		{67FB3AAD-89C9-49E7-B0AF-F3CB1CA4C64B}.Debug|Any CPU.Build.0 = Debug|iPhone
		{67FB3AAD-89C9-49E7-B0AF-F3CB1CA4C64B}.Debug|iPhone.ActiveCfg = Debug|iPhone
		{67FB3AAD-89C9-49E7-B0AF-F3CB1CA4C64B}.Debug|iPhone.Build.0 = Debug|iPhone
		{67FB3AAD-89C9-49E7-B0AF-F3CB1CA4C64B}.Debug|iPhoneSimulator.ActiveCfg = Debug|iPhoneSimulator
		{67FB3AAD-89C9-49E7-B0AF-F3CB1CA4C64B}.Debug|iPhoneSimulator.Build.0 = Debug|iPhoneSimulator
		{67FB3AAD-89C9-49E7-B0AF-F3CB1CA4C64B}.Debug|Mixed Platforms.ActiveCfg = Debug|iPhone
		{67FB3AAD-89C9-49E7-B0AF-F3CB1CA4C64B}.Debug|Mixed Platforms.Build.0 = Debug|iPhone
		{67FB3AAD-89C9-49E7-B0AF-F3CB1CA4C64B}.Release|Any CPU.ActiveCfg = Release|iPhone
		{67FB3AAD-89C9-49E7-B0AF-F3CB1CA4C64B}.Release|iPhone.ActiveCfg = Release|iPhone
		{67FB3AAD-89C9-49E7-B0AF-F3CB1CA4C64B}.Release|iPhone.Build.0 = Release|iPhone
		{67FB3AAD-89C9-49E7-B0AF-F3CB1CA4C64B}.Release|iPhoneSimulator.ActiveCfg = Release|iPhoneSimulator
		{67FB3AAD-89C9-49E7-B0AF-F3CB1CA4C64B}.Release|iPhoneSimulator.Build.0 = Release|iPhoneSimulator
		{67FB3AAD-89C9-49E7-B0AF-F3CB1CA4C64B}.Release|Mixed Platforms.ActiveCfg = Release|iPhone
		{67FB3AAD-89C9-49E7-B0AF-F3CB1CA4C64B}.Release|Mixed Platforms.Build.0 = Release|iPhone
		{3228F64D-9E5A-4559-895D-00AC4C16B4FB}.Ad-Hoc|Any CPU.ActiveCfg = Release|Any CPU
		{3228F64D-9E5A-4559-895D-00AC4C16B4FB}.Ad-Hoc|Any CPU.Build.0 = Release|Any CPU
		{3228F64D-9E5A-4559-895D-00AC4C16B4FB}.Ad-Hoc|Any CPU.Deploy.0 = Release|Any CPU
		{3228F64D-9E5A-4559-895D-00AC4C16B4FB}.Ad-Hoc|iPhone.ActiveCfg = Release|Any CPU
		{3228F64D-9E5A-4559-895D-00AC4C16B4FB}.Ad-Hoc|iPhoneSimulator.ActiveCfg = Release|Any CPU
		{3228F64D-9E5A-4559-895D-00AC4C16B4FB}.Ad-Hoc|Mixed Platforms.ActiveCfg = Release|Any CPU
		{3228F64D-9E5A-4559-895D-00AC4C16B4FB}.Ad-Hoc|Mixed Platforms.Build.0 = Release|Any CPU
		{3228F64D-9E5A-4559-895D-00AC4C16B4FB}.Ad-Hoc|Mixed Platforms.Deploy.0 = Release|Any CPU
		{3228F64D-9E5A-4559-895D-00AC4C16B4FB}.AppStore|Any CPU.ActiveCfg = Release|Any CPU
		{3228F64D-9E5A-4559-895D-00AC4C16B4FB}.AppStore|Any CPU.Build.0 = Release|Any CPU
		{3228F64D-9E5A-4559-895D-00AC4C16B4FB}.AppStore|Any CPU.Deploy.0 = Release|Any CPU
		{3228F64D-9E5A-4559-895D-00AC4C16B4FB}.AppStore|iPhone.ActiveCfg = Release|Any CPU
		{3228F64D-9E5A-4559-895D-00AC4C16B4FB}.AppStore|iPhoneSimulator.ActiveCfg = Release|Any CPU
		{3228F64D-9E5A-4559-895D-00AC4C16B4FB}.AppStore|Mixed Platforms.ActiveCfg = Release|Any CPU
		{3228F64D-9E5A-4559-895D-00AC4C16B4FB}.AppStore|Mixed Platforms.Build.0 = Release|Any CPU
		{3228F64D-9E5A-4559-895D-00AC4C16B4FB}.AppStore|Mixed Platforms.Deploy.0 = Release|Any CPU
		{3228F64D-9E5A-4559-895D-00AC4C16B4FB}.Debug|Any CPU.ActiveCfg = Debug|Any CPU
		{3228F64D-9E5A-4559-895D-00AC4C16B4FB}.Debug|Any CPU.Build.0 = Debug|Any CPU
		{3228F64D-9E5A-4559-895D-00AC4C16B4FB}.Debug|Any CPU.Deploy.0 = Debug|Any CPU
		{3228F64D-9E5A-4559-895D-00AC4C16B4FB}.Debug|iPhone.ActiveCfg = Debug|Any CPU
		{3228F64D-9E5A-4559-895D-00AC4C16B4FB}.Debug|iPhoneSimulator.ActiveCfg = Debug|Any CPU
		{3228F64D-9E5A-4559-895D-00AC4C16B4FB}.Debug|Mixed Platforms.ActiveCfg = Debug|Any CPU
		{3228F64D-9E5A-4559-895D-00AC4C16B4FB}.Debug|Mixed Platforms.Build.0 = Debug|Any CPU
		{3228F64D-9E5A-4559-895D-00AC4C16B4FB}.Debug|Mixed Platforms.Deploy.0 = Debug|Any CPU
		{3228F64D-9E5A-4559-895D-00AC4C16B4FB}.Release|Any CPU.ActiveCfg = Release|Any CPU
		{3228F64D-9E5A-4559-895D-00AC4C16B4FB}.Release|Any CPU.Build.0 = Release|Any CPU
		{3228F64D-9E5A-4559-895D-00AC4C16B4FB}.Release|Any CPU.Deploy.0 = Release|Any CPU
		{3228F64D-9E5A-4559-895D-00AC4C16B4FB}.Release|iPhone.ActiveCfg = Release|Any CPU
		{3228F64D-9E5A-4559-895D-00AC4C16B4FB}.Release|iPhoneSimulator.ActiveCfg = Release|Any CPU
		{3228F64D-9E5A-4559-895D-00AC4C16B4FB}.Release|Mixed Platforms.ActiveCfg = Release|Any CPU
		{3228F64D-9E5A-4559-895D-00AC4C16B4FB}.Release|Mixed Platforms.Build.0 = Release|Any CPU
		{3228F64D-9E5A-4559-895D-00AC4C16B4FB}.Release|Mixed Platforms.Deploy.0 = Release|Any CPU
	EndGlobalSection
	GlobalSection(SolutionProperties) = preSolution
		HideSolutionNode = FALSE
	EndGlobalSection
EndGlobal
